
Microsoft Visual Studio Solution File, Format Version 12.00
# Visual Studio Version 16
VisualStudioVersion = 16.0.31911.196
MinimumVisualStudioVersion = 10.0.40219.1
Project("{9A19103F-16F7-4668-BE54-9A1E7A4F7556}") = "Estudo", "Estudo\Estudo.csproj", "{65F3BE0B-6D6A-48D0-8CE7-D72EF86D82A7}"
EndProject
Project("{2150E333-8FDC-42A3-9474-1A3956D46DE8}") = "1-Web", "1-Web", "{4F67B671-80C6-4606-957B-D5DCD5EA48D3}"
EndProject
Project("{2150E333-8FDC-42A3-9474-1A3956D46DE8}") = "2-Application", "2-Application", "{7B7B6DDA-E812-4FB3-AE7A-E43AF3879576}"
EndProject
Project("{2150E333-8FDC-42A3-9474-1A3956D46DE8}") = "3-Domain", "3-Domain", "{9E610941-CA8A-4D9C-A7DA-57D178606FC2}"
EndProject
Project("{2150E333-8FDC-42A3-9474-1A3956D46DE8}") = "4-Infra", "4-Infra", "{01B29CC5-6F7A-4AE0-9938-69C921797CBD}"
EndProject
Project("{FAE04EC0-301F-11D3-BF4B-00C04F79EFBC}") = "Estudo.Application", "Estudo.Application\Estudo.Application.csproj", "{EE4DABB2-25D9-4E88-B192-1FE4C7A7D2E7}"
EndProject
Project("{FAE04EC0-301F-11D3-BF4B-00C04F79EFBC}") = "Estudo.Domain", "Estudo.Domain\Estudo.Domain.csproj", "{81801F0D-1636-4B42-A83D-C2300A0D1F4D}"
EndProject
Project("{FAE04EC0-301F-11D3-BF4B-00C04F79EFBC}") = "Estudo.Infra", "Estudo.Infra\Estudo.Infra.csproj", "{75AFDC19-04B4-4AC2-8FAA-B36852DCBB94}"
EndProject
Project("{2150E333-8FDC-42A3-9474-1A3956D46DE8}") = "4.1-Data", "4.1-Data", "{06446B2C-E6CA-458B-B1A5-AB0F54899514}"
EndProject
Project("{2150E333-8FDC-42A3-9474-1A3956D46DE8}") = "4.2-CrossCutting", "4.2-CrossCutting", "{FE5106AE-96E0-4647-AECB-91AC0B128770}"
EndProject
Project("{FAE04EC0-301F-11D3-BF4B-00C04F79EFBC}") = "Estudo.Data", "Estudo.Data\Estudo.Data.csproj", "{79D1B04C-9A01-49F7-8486-33FD8CC4A046}"
EndProject
Global
	GlobalSection(SolutionConfigurationPlatforms) = preSolution
		Debug|Any CPU = Debug|Any CPU
		Release|Any CPU = Release|Any CPU
	EndGlobalSection
	GlobalSection(ProjectConfigurationPlatforms) = postSolution
		{65F3BE0B-6D6A-48D0-8CE7-D72EF86D82A7}.Debug|Any CPU.ActiveCfg = Debug|Any CPU
		{65F3BE0B-6D6A-48D0-8CE7-D72EF86D82A7}.Debug|Any CPU.Build.0 = Debug|Any CPU
		{65F3BE0B-6D6A-48D0-8CE7-D72EF86D82A7}.Release|Any CPU.ActiveCfg = Release|Any CPU
		{65F3BE0B-6D6A-48D0-8CE7-D72EF86D82A7}.Release|Any CPU.Build.0 = Release|Any CPU
		{EE4DABB2-25D9-4E88-B192-1FE4C7A7D2E7}.Debug|Any CPU.ActiveCfg = Debug|Any CPU
		{EE4DABB2-25D9-4E88-B192-1FE4C7A7D2E7}.Debug|Any CPU.Build.0 = Debug|Any CPU
		{EE4DABB2-25D9-4E88-B192-1FE4C7A7D2E7}.Release|Any CPU.ActiveCfg = Release|Any CPU
		{EE4DABB2-25D9-4E88-B192-1FE4C7A7D2E7}.Release|Any CPU.Build.0 = Release|Any CPU
		{81801F0D-1636-4B42-A83D-C2300A0D1F4D}.Debug|Any CPU.ActiveCfg = Debug|Any CPU
		{81801F0D-1636-4B42-A83D-C2300A0D1F4D}.Debug|Any CPU.Build.0 = Debug|Any CPU
		{81801F0D-1636-4B42-A83D-C2300A0D1F4D}.Release|Any CPU.ActiveCfg = Release|Any CPU
		{81801F0D-1636-4B42-A83D-C2300A0D1F4D}.Release|Any CPU.Build.0 = Release|Any CPU
		{75AFDC19-04B4-4AC2-8FAA-B36852DCBB94}.Debug|Any CPU.ActiveCfg = Debug|Any CPU
		{75AFDC19-04B4-4AC2-8FAA-B36852DCBB94}.Debug|Any CPU.Build.0 = Debug|Any CPU
		{75AFDC19-04B4-4AC2-8FAA-B36852DCBB94}.Release|Any CPU.ActiveCfg = Release|Any CPU
		{75AFDC19-04B4-4AC2-8FAA-B36852DCBB94}.Release|Any CPU.Build.0 = Release|Any CPU
		{79D1B04C-9A01-49F7-8486-33FD8CC4A046}.Debug|Any CPU.ActiveCfg = Debug|Any CPU
		{79D1B04C-9A01-49F7-8486-33FD8CC4A046}.Debug|Any CPU.Build.0 = Debug|Any CPU
		{79D1B04C-9A01-49F7-8486-33FD8CC4A046}.Release|Any CPU.ActiveCfg = Release|Any CPU
		{79D1B04C-9A01-49F7-8486-33FD8CC4A046}.Release|Any CPU.Build.0 = Release|Any CPU
	EndGlobalSection
	GlobalSection(SolutionProperties) = preSolution
		HideSolutionNode = FALSE
	EndGlobalSection
	GlobalSection(NestedProjects) = preSolution
		{65F3BE0B-6D6A-48D0-8CE7-D72EF86D82A7} = {4F67B671-80C6-4606-957B-D5DCD5EA48D3}
		{EE4DABB2-25D9-4E88-B192-1FE4C7A7D2E7} = {7B7B6DDA-E812-4FB3-AE7A-E43AF3879576}
		{81801F0D-1636-4B42-A83D-C2300A0D1F4D} = {9E610941-CA8A-4D9C-A7DA-57D178606FC2}
		{75AFDC19-04B4-4AC2-8FAA-B36852DCBB94} = {01B29CC5-6F7A-4AE0-9938-69C921797CBD}
		{06446B2C-E6CA-458B-B1A5-AB0F54899514} = {01B29CC5-6F7A-4AE0-9938-69C921797CBD}
		{FE5106AE-96E0-4647-AECB-91AC0B128770} = {01B29CC5-6F7A-4AE0-9938-69C921797CBD}
		{79D1B04C-9A01-49F7-8486-33FD8CC4A046} = {06446B2C-E6CA-458B-B1A5-AB0F54899514}
	EndGlobalSection
	GlobalSection(ExtensibilityGlobals) = postSolution
		SolutionGuid = {7A6C3035-AF1F-4B1F-96A2-9F1836D5A40B}
	EndGlobalSection
EndGlobal
